
Microsoft Visual Studio Solution File, Format Version 12.00
# Visual Studio Version 17
VisualStudioVersion = 17.1.32407.343
MinimumVisualStudioVersion = 10.0.40219.1
Project("{FAE04EC0-301F-11D3-BF4B-00C04F79EFBC}") = "Ch_Seerver", "..\Ch_Seerver\Ch_Seerver.csproj", "{4A729936-F805-44B6-8DB9-2E74794DB675}"
EndProject
Project("{FAE04EC0-301F-11D3-BF4B-00C04F79EFBC}") = "Ch_Client", "..\Ch_Client\Ch_Client.csproj", "{4B4A39E7-F3DA-4765-B201-2C2D92E63AB8}"
EndProject
Global
	GlobalSection(SolutionConfigurationPlatforms) = preSolution
		Debug|Any CPU = Debug|Any CPU
		Release|Any CPU = Release|Any CPU
	EndGlobalSection
	GlobalSection(ProjectConfigurationPlatforms) = postSolution
		{4A729936-F805-44B6-8DB9-2E74794DB675}.Debug|Any CPU.ActiveCfg = Debug|Any CPU
		{4A729936-F805-44B6-8DB9-2E74794DB675}.Debug|Any CPU.Build.0 = Debug|Any CPU
		{4A729936-F805-44B6-8DB9-2E74794DB675}.Release|Any CPU.ActiveCfg = Release|Any CPU
		{4A729936-F805-44B6-8DB9-2E74794DB675}.Release|Any CPU.Build.0 = Release|Any CPU
		{4B4A39E7-F3DA-4765-B201-2C2D92E63AB8}.Debug|Any CPU.ActiveCfg = Debug|Any CPU
		{4B4A39E7-F3DA-4765-B201-2C2D92E63AB8}.Debug|Any CPU.Build.0 = Debug|Any CPU
		{4B4A39E7-F3DA-4765-B201-2C2D92E63AB8}.Release|Any CPU.ActiveCfg = Release|Any CPU
		{4B4A39E7-F3DA-4765-B201-2C2D92E63AB8}.Release|Any CPU.Build.0 = Release|Any CPU
	EndGlobalSection
	GlobalSection(SolutionProperties) = preSolution
		HideSolutionNode = FALSE
	EndGlobalSection
	GlobalSection(ExtensibilityGlobals) = postSolution
		SolutionGuid = {C9C51E17-B074-4ABE-B0E1-14A6CCAF3140}
	EndGlobalSection
EndGlobal
